
Microsoft Visual Studio Solution File, Format Version 12.00
# Visual Studio Version 17
VisualStudioVersion = 17.2.32602.215
MinimumVisualStudioVersion = 10.0.40219.1
Project("{FAE04EC0-301F-11D3-BF4B-00C04F79EFBC}") = "BlurEffectTest", "BlurEffectTest\BlurEffectTest.csproj", "{EBA7ADB2-E53E-4362-B541-46F9E2A4048D}"
EndProject
Global
	GlobalSection(SolutionConfigurationPlatforms) = preSolution
		Debug|Any CPU = Debug|Any CPU
		Release|Any CPU = Release|Any CPU
	EndGlobalSection
	GlobalSection(ProjectConfigurationPlatforms) = postSolution
		{EBA7ADB2-E53E-4362-B541-46F9E2A4048D}.Debug|Any CPU.ActiveCfg = Debug|Any CPU
		{EBA7ADB2-E53E-4362-B541-46F9E2A4048D}.Debug|Any CPU.Build.0 = Debug|Any CPU
		{EBA7ADB2-E53E-4362-B541-46F9E2A4048D}.Release|Any CPU.ActiveCfg = Release|Any CPU
		{EBA7ADB2-E53E-4362-B541-46F9E2A4048D}.Release|Any CPU.Build.0 = Release|Any CPU
	EndGlobalSection
	GlobalSection(SolutionProperties) = preSolution
		HideSolutionNode = FALSE
	EndGlobalSection
	GlobalSection(ExtensibilityGlobals) = postSolution
		SolutionGuid = {6A936168-96D6-4104-8CC0-78F67D130693}
	EndGlobalSection
EndGlobal
